{
    "hash": "1aef7cb8fca7657290ebe418d2032bfb",
    "packages": [
        {
            "name": "PasswordLib/PasswordLib",
            "version": "dev-master",
            "source": {
                "type": "git",
                "url": "https://github.com/ircmaxell/PHP-PasswordLib.git",
                "reference": "c08057f2dece28f9263803e6291df40260db98ac"
            },
            "dist": {
                "type": "zip",
                "url": "https://api.github.com/repos/ircmaxell/PHP-PasswordLib/zipball/c08057f2dece28f9263803e6291df40260db98ac",
                "reference": "c08057f2dece28f9263803e6291df40260db98ac",
                "shasum": ""
            },
            "require": {
                "php": ">=5.3.2"
            },
            "require-dev": {
                "mikey179/vfsstream": "1.1.*"
            },
            "type": "library",
            "autoload": {
                "psr-0": {
                    "PasswordLib": "lib"
                }
            },
            "notification-url": "https://packagist.org/downloads/",
            "license": [
                "MIT"
            ],
            "authors": [
                {
                    "name": "Anthony Ferrara",
                    "email": "ircmaxell@ircmaxell.com",
                    "homepage": "http://blog.ircmaxell.com"
                }
            ],
            "description": "A Password Hashing Library",
            "homepage": "https://github.com/ircmaxell/PHP-PasswordLib",
            "keywords": [
                "crypt",
                "hash",
                "hashing",
                "password",
                "random",
                "salt"
            ],
            "time": "2013-03-28 21:45:29"
        },
        {
            "name": "afutseng/pixframework",
            "version": "dev-master",
            "source": {
                "type": "git",
                "url": "https://github.com/afutseng/pixframework.git",
                "reference": "d9250f0f6d784684d2f586becd36f1ae0f2d1211"
            },
            "type": "library",
            "autoload": {
                "psr-0": {
                    "Pix": "./"
                }
            },
            "include-path": [
                "./"
            ],
            "time": "2013-03-31 14:27:50"
        },
        {
            "name": "chrisboulton/php-resque",
            "version": "1.2",
            "source": {
                "type": "git",
                "url": "https://github.com/chrisboulton/php-resque.git",
                "reference": "1.2"
            },
            "dist": {
                "type": "zip",
                "url": "https://github.com/chrisboulton/php-resque/zipball/1.2",
                "reference": "1.2",
                "shasum": ""
            },
            "require": {
                "php": ">=5.3.0"
            },
            "type": "library",
            "autoload": {
                "psr-0": {
                    "Resque": "lib"
                }
            },
            "notification-url": "https://packagist.org/downloads/",
            "license": [
                "MIT"
            ],
            "authors": [
                {
                    "name": "Chris Boulton",
                    "email": "chris@bigcommerce.com"
                }
            ],
            "description": "Redis backed library for creating background jobs and processing them later. Based on resque for Ruby.",
            "homepage": "http://www.github.com/chrisboulton/php-resque/",
            "keywords": [
                "background",
                "job",
                "redis",
                "resque"
            ],
            "time": "2012-10-13 00:23:06"
        },
        {
            "name": "psr/log",
            "version": "dev-master",
            "source": {
                "type": "git",
                "url": "https://github.com/php-fig/log.git",
                "reference": "1.0.0"
            },
            "dist": {
                "type": "zip",
                "url": "https://api.github.com/repos/php-fig/log/zipball/1.0.0",
                "reference": "1.0.0",
                "shasum": ""
            },
            "type": "library",
            "autoload": {
                "psr-0": {
                    "Psr\\Log\\": ""
                }
            },
            "notification-url": "https://packagist.org/downloads/",
            "license": [
                "MIT"
            ],
            "authors": [
                {
                    "name": "PHP-FIG",
                    "homepage": "http://www.php-fig.org/"
                }
            ],
            "description": "Common interface for logging libraries",
            "keywords": [
                "log",
                "psr",
                "psr-3"
            ],
            "time": "2012-12-21 11:40:51"
        }
    ],
    "packages-dev": [

    ],
    "aliases": [

    ],
    "minimum-stability": "dev",
    "stability-flags": {
        "psr/log": 20,
        "afutseng/pixframework": 20
    },
    "platform": [

    ],
    "platform-dev": [

    ]
}
